// !$*UTF8*$!
{
	archiveVersion = 1;
	classes = {
	};
	objectVersion = 46;
	objects = {

/* Begin PBXBuildFile section */
		92110CB11A662D9000417C89 /* PlaySoundsViewController.swift in Sources */ = {isa = PBXBuildFile; fileRef = 92110CB01A662D9000417C89 /* PlaySoundsViewController.swift */; };
		922F6A681A64D8C900A26955 /* AppDelegate.swift in Sources */ = {isa = PBXBuildFile; fileRef = 922F6A671A64D8C900A26955 /* AppDelegate.swift */; };
		922F6A6A1A64D8C900A26955 /* ViewController.swift in Sources */ = {isa = PBXBuildFile; fileRef = 922F6A691A64D8C900A26955 /* ViewController.swift */; };
		922F6A6D1A64D8C900A26955 /* Main.storyboard in Resources */ = {isa = PBXBuildFile; fileRef = 922F6A6B1A64D8C900A26955 /* Main.storyboard */; };
		922F6A6F1A64D8C900A26955 /* Images.xcassets in Resources */ = {isa = PBXBuildFile; fileRef = 922F6A6E1A64D8C900A26955 /* Images.xcassets */; };
		922F6A721A64D8C900A26955 /* LaunchScreen.xib in Resources */ = {isa = PBXBuildFile; fileRef = 922F6A701A64D8C900A26955 /* LaunchScreen.xib */; };
		922F6A7E1A64D8C900A26955 /* PitcherTests.swift in Sources */ = {isa = PBXBuildFile; fileRef = 922F6A7D1A64D8C900A26955 /* PitcherTests.swift */; };
/* End PBXBuildFile section */

/* Begin PBXContainerItemProxy section */
		922F6A781A64D8C900A26955 /* PBXContainerItemProxy */ = {
			isa = PBXContainerItemProxy;
			containerPortal = 922F6A5A1A64D8C900A26955 /* Project object */;
			proxyType = 1;
			remoteGlobalIDString = 922F6A611A64D8C900A26955;
			remoteInfo = Pitcher;
		};
/* End PBXContainerItemProxy section */

/* Begin PBXFileReference section */
		92110CB01A662D9000417C89 /* PlaySoundsViewController.swift */ = {isa = PBXFileReference; fileEncoding = 4; lastKnownFileType = sourcecode.swift; path = PlaySoundsViewController.swift; sourceTree = "<group>"; };
		922F6A621A64D8C900A26955 /* Pitcher.app */ = {isa = PBXFileReference; explicitFileType = wrapper.application; includeInIndex = 0; path = Pitcher.app; sourceTree = BUILT_PRODUCTS_DIR; };
		922F6A661A64D8C900A26955 /* Info.plist */ = {isa = PBXFileReference; lastKnownFileType = text.plist.xml; path = Info.plist; sourceTree = "<group>"; };
		922F6A671A64D8C900A26955 /* AppDelegate.swift */ = {isa = PBXFileReference; lastKnownFileType = sourcecode.swift; path = AppDelegate.swift; sourceTree = "<group>"; };
		922F6A691A64D8C900A26955 /* ViewController.swift */ = {isa = PBXFileReference; lastKnownFileType = sourcecode.swift; path = ViewController.swift; sourceTree = "<group>"; };
		922F6A6C1A64D8C900A26955 /* Base */ = {isa = PBXFileReference; lastKnownFileType = file.storyboard; name = Base; path = Base.lproj/Main.storyboard; sourceTree = "<group>"; };
		922F6A6E1A64D8C900A26955 /* Images.xcassets */ = {isa = PBXFileReference; lastKnownFileType = folder.assetcatalog; path = Images.xcassets; sourceTree = "<group>"; };
		922F6A711A64D8C900A26955 /* Base */ = {isa = PBXFileReference; lastKnownFileType = file.xib; name = Base; path = Base.lproj/LaunchScreen.xib; sourceTree = "<group>"; };
		922F6A771A64D8C900A26955 /* PitcherTests.xctest */ = {isa = PBXFileReference; explicitFileType = wrapper.cfbundle; includeInIndex = 0; path = PitcherTests.xctest; sourceTree = BUILT_PRODUCTS_DIR; };
		922F6A7C1A64D8C900A26955 /* Info.plist */ = {isa = PBXFileReference; lastKnownFileType = text.plist.xml; path = Info.plist; sourceTree = "<group>"; };
		922F6A7D1A64D8C900A26955 /* PitcherTests.swift */ = {isa = PBXFileReference; lastKnownFileType = sourcecode.swift; path = PitcherTests.swift; sourceTree = "<group>"; };
/* End PBXFileReference section */

/* Begin PBXFrameworksBuildPhase section */
		922F6A5F1A64D8C900A26955 /* Frameworks */ = {
			isa = PBXFrameworksBuildPhase;
			buildActionMask = 2147483647;
			files = (
			);
			runOnlyForDeploymentPostprocessing = 0;
		};
		922F6A741A64D8C900A26955 /* Frameworks */ = {
			isa = PBXFrameworksBuildPhase;
			buildActionMask = 2147483647;
			files = (
			);
			runOnlyForDeploymentPostprocessing = 0;
		};
/* End PBXFrameworksBuildPhase section */

/* Begin PBXGroup section */
		922F6A591A64D8C900A26955 = {
			isa = PBXGroup;
			children = (
				922F6A641A64D8C900A26955 /* Pitcher */,
				922F6A7A1A64D8C900A26955 /* PitcherTests */,
				922F6A631A64D8C900A26955 /* Products */,
			);
			sourceTree = "<group>";
		};
		922F6A631A64D8C900A26955 /* Products */ = {
			isa = PBXGroup;
			children = (
				922F6A621A64D8C900A26955 /* Pitcher.app */,
				922F6A771A64D8C900A26955 /* PitcherTests.xctest */,
			);
			name = Products;
			sourceTree = "<group>";
		};
		922F6A641A64D8C900A26955 /* Pitcher */ = {
			isa = PBXGroup;
			children = (
				922F6A671A64D8C900A26955 /* AppDelegate.swift */,
				922F6A691A64D8C900A26955 /* ViewController.swift */,
				922F6A6B1A64D8C900A26955 /* Main.storyboard */,
				92110CB01A662D9000417C89 /* PlaySoundsViewController.swift */,
				922F6A6E1A64D8C900A26955 /* Images.xcassets */,
				922F6A701A64D8C900A26955 /* LaunchScreen.xib */,
				922F6A651A64D8C900A26955 /* Supporting Files */,
			);
			path = Pitcher;
			sourceTree = "<group>";
		};
		922F6A651A64D8C900A26955 /* Supporting Files */ = {
			isa = PBXGroup;
			children = (
				922F6A661A64D8C900A26955 /* Info.plist */,
			);
			name = "Supporting Files";
			sourceTree = "<group>";
		};
		922F6A7A1A64D8C900A26955 /* PitcherTests */ = {
			isa = PBXGroup;
			children = (
				922F6A7D1A64D8C900A26955 /* PitcherTests.swift */,
				922F6A7B1A64D8C900A26955 /* Supporting Files */,
			);
			path = PitcherTests;
			sourceTree = "<group>";
		};
		922F6A7B1A64D8C900A26955 /* Supporting Files */ = {
			isa = PBXGroup;
			children = (
				922F6A7C1A64D8C900A26955 /* Info.plist */,
			);
			name = "Supporting Files";
			sourceTree = "<group>";
		};
/* End PBXGroup section */

/* Begin PBXNativeTarget section */
		922F6A611A64D8C900A26955 /* Pitcher */ = {
			isa = PBXNativeTarget;
			buildConfigurationList = 922F6A811A64D8C900A26955 /* Build configuration list for PBXNativeTarget "Pitcher" */;
			buildPhases = (
				922F6A5E1A64D8C900A26955 /* Sources */,
				922F6A5F1A64D8C900A26955 /* Frameworks */,
				922F6A601A64D8C900A26955 /* Resources */,
			);
			buildRules = (
			);
			dependencies = (
			);
			name = Pitcher;
			productName = Pitcher;
			productReference = 922F6A621A64D8C900A26955 /* Pitcher.app */;
			productType = "com.apple.product-type.application";
		};
		922F6A761A64D8C900A26955 /* PitcherTests */ = {
			isa = PBXNativeTarget;
			buildConfigurationList = 922F6A841A64D8C900A26955 /* Build configuration list for PBXNativeTarget "PitcherTests" */;
			buildPhases = (
				922F6A731A64D8C900A26955 /* Sources */,
				922F6A741A64D8C900A26955 /* Frameworks */,
				922F6A751A64D8C900A26955 /* Resources */,
			);
			buildRules = (
			);
			dependencies = (
				922F6A791A64D8C900A26955 /* PBXTargetDependency */,
			);
			name = PitcherTests;
			productName = PitcherTests;
			productReference = 922F6A771A64D8C900A26955 /* PitcherTests.xctest */;
			productType = "com.apple.product-type.bundle.unit-test";
		};
/* End PBXNativeTarget section */

/* Begin PBXProject section */
		922F6A5A1A64D8C900A26955 /* Project object */ = {
			isa = PBXProject;
			attributes = {
				LastUpgradeCheck = 0610;
				ORGANIZATIONNAME = bigthyme;
				TargetAttributes = {
					922F6A611A64D8C900A26955 = {
						CreatedOnToolsVersion = 6.1.1;
					};
					922F6A761A64D8C900A26955 = {
						CreatedOnToolsVersion = 6.1.1;
						TestTargetID = 922F6A611A64D8C900A26955;
					};
				};
			};
			buildConfigurationList = 922F6A5D1A64D8C900A26955 /* Build configuration list for PBXProject "Pitcher" */;
			compatibilityVersion = "Xcode 3.2";
			developmentRegion = English;
			hasScannedForEncodings = 0;
			knownRegions = (
				en,
				Base,
			);
			mainGroup = 922F6A591A64D8C900A26955;
			productRefGroup = 922F6A631A64D8C900A26955 /* Products */;
			projectDirPath = "";
			projectRoot = "";
			targets = (
				922F6A611A64D8C900A26955 /* Pitcher */,
				922F6A761A64D8C900A26955 /* PitcherTests */,
			);
		};
/* End PBXProject section */

/* Begin PBXResourcesBuildPhase section */
		922F6A601A64D8C900A26955 /* Resources */ = {
			isa = PBXResourcesBuildPhase;
			buildActionMask = 2147483647;
			files = (
				922F6A6D1A64D8C900A26955 /* Main.storyboard in Resources */,
				922F6A721A64D8C900A26955 /* LaunchScreen.xib in Resources */,
				922F6A6F1A64D8C900A26955 /* Images.xcassets in Resources */,
			);
			runOnlyForDeploymentPostprocessing = 0;
		};
		922F6A751A64D8C900A26955 /* Resources */ = {
			isa = PBXResourcesBuildPhase;
			buildActionMask = 2147483647;
			files = (
			);
			runOnlyForDeploymentPostprocessing = 0;
		};
/* End PBXResourcesBuildPhase section */

/* Begin PBXSourcesBuildPhase section */
		922F6A5E1A64D8C900A26955 /* Sources */ = {
			isa = PBXSourcesBuildPhase;
			buildActionMask = 2147483647;
			files = (
				922F6A6A1A64D8C900A26955 /* ViewController.swift in Sources */,
				92110CB11A662D9000417C89 /* PlaySoundsViewController.swift in Sources */,
				922F6A681A64D8C900A26955 /* AppDelegate.swift in Sources */,
			);
			runOnlyForDeploymentPostprocessing = 0;
		};
		922F6A731A64D8C900A26955 /* Sources */ = {
			isa = PBXSourcesBuildPhase;
			buildActionMask = 2147483647;
			files = (
				922F6A7E1A64D8C900A26955 /* PitcherTests.swift in Sources */,
			);
			runOnlyForDeploymentPostprocessing = 0;
		};
/* End PBXSourcesBuildPhase section */

/* Begin PBXTargetDependency section */
		922F6A791A64D8C900A26955 /* PBXTargetDependency */ = {
			isa = PBXTargetDependency;
			target = 922F6A611A64D8C900A26955 /* Pitcher */;
			targetProxy = 922F6A781A64D8C900A26955 /* PBXContainerItemProxy */;
		};
/* End PBXTargetDependency section */

/* Begin PBXVariantGroup section */
		922F6A6B1A64D8C900A26955 /* Main.storyboard */ = {
			isa = PBXVariantGroup;
			children = (
				922F6A6C1A64D8C900A26955 /* Base */,
			);
			name = Main.storyboard;
			sourceTree = "<group>";
		};
		922F6A701A64D8C900A26955 /* LaunchScreen.xib */ = {
			isa = PBXVariantGroup;
			children = (
				922F6A711A64D8C900A26955 /* Base */,
			);
			name = LaunchScreen.xib;
			sourceTree = "<group>";
		};
/* End PBXVariantGroup section */

/* Begin XCBuildConfiguration section */
		922F6A7F1A64D8C900A26955 /* Debug */ = {
			isa = XCBuildConfiguration;
			buildSettings = {
				ALWAYS_SEARCH_USER_PATHS = NO;
				CLANG_CXX_LANGUAGE_STANDARD = "gnu++0x";
				CLANG_CXX_LIBRARY = "libc++";
				CLANG_ENABLE_MODULES = YES;
				CLANG_ENABLE_OBJC_ARC = YES;
				CLANG_WARN_BOOL_CONVERSION = YES;
				CLANG_WARN_CONSTANT_CONVERSION = YES;
				CLANG_WARN_DIRECT_OBJC_ISA_USAGE = YES_ERROR;
				CLANG_WARN_EMPTY_BODY = YES;
				CLANG_WARN_ENUM_CONVERSION = YES;
				CLANG_WARN_INT_CONVERSION = YES;
				CLANG_WARN_OBJC_ROOT_CLASS = YES_ERROR;
				CLANG_WARN_UNREACHABLE_CODE = YES;
				CLANG_WARN__DUPLICATE_METHOD_MATCH = YES;
				"CODE_SIGN_IDENTITY[sdk=iphoneos*]" = "iPhone Developer";
				COPY_PHASE_STRIP = NO;
				ENABLE_STRICT_OBJC_MSGSEND = YES;
				GCC_C_LANGUAGE_STANDARD = gnu99;
				GCC_DYNAMIC_NO_PIC = NO;
				GCC_OPTIMIZATION_LEVEL = 0;
				GCC_PREPROCESSOR_DEFINITIONS = (
					"DEBUG=1",
					"$(inherited)",
				);
				GCC_SYMBOLS_PRIVATE_EXTERN = NO;
				GCC_WARN_64_TO_32_BIT_CONVERSION = YES;
				GCC_WARN_ABOUT_RETURN_TYPE = YES_ERROR;
				GCC_WARN_UNDECLARED_SELECTOR = YES;
				GCC_WARN_UNINITIALIZED_AUTOS = YES_AGGRESSIVE;
				GCC_WARN_UNUSED_FUNCTION = YES;
				GCC_WARN_UNUSED_VARIABLE = YES;
				IPHONEOS_DEPLOYMENT_TARGET = 8.1;
				MTL_ENABLE_DEBUG_INFO = YES;
				ONLY_ACTIVE_ARCH = YES;
				SDKROOT = iphoneos;
				SWIFT_OPTIMIZATION_LEVEL = "-Onone";
			};
			name = Debug;
		};
		922F6A801A64D8C900A26955 /* Release */ = {
			isa = XCBuildConfiguration;
			buildSettings = {
				ALWAYS_SEARCH_USER_PATHS = NO;
				CLANG_CXX_LANGUAGE_STANDARD = "gnu++0x";
				CLANG_CXX_LIBRARY = "libc++";
				CLANG_ENABLE_MODULES = YES;
				CLANG_ENABLE_OBJC_ARC = YES;
				CLANG_WARN_BOOL_CONVERSION = YES;
				CLANG_WARN_CONSTANT_CONVERSION = YES;
				CLANG_WARN_DIRECT_OBJC_ISA_USAGE = YES_ERROR;
				CLANG_WARN_EMPTY_BODY = YES;
				CLANG_WARN_ENUM_CONVERSION = YES;
				CLANG_WARN_INT_CONVERSION = YES;
				CLANG_WARN_OBJC_ROOT_CLASS = YES_ERROR;
				CLANG_WARN_UNREACHABLE_CODE = YES;
				CLANG_WARN__DUPLICATE_METHOD_MATCH = YES;
				"CODE_SIGN_IDENTITY[sdk=iphoneos*]" = "iPhone Developer";
				COPY_PHASE_STRIP = YES;
				ENABLE_NS_ASSERTIONS = NO;
				ENABLE_STRICT_OBJC_MSGSEND = YES;
				GCC_C_LANGUAGE_STANDARD = gnu99;
				GCC_WARN_64_TO_32_BIT_CONVERSION = YES;
				GCC_WARN_ABOUT_RETURN_TYPE = YES_ERROR;
				GCC_WARN_UNDECLARED_SELECTOR = YES;
				GCC_WARN_UNINITIALIZED_AUTOS = YES_AGGRESSIVE;
				GCC_WARN_UNUSED_FUNCTION = YES;
				GCC_WARN_UNUSED_VARIABLE = YES;
				IPHONEOS_DEPLOYMENT_TARGET = 8.1;
				MTL_ENABLE_DEBUG_INFO = NO;
				SDKROOT = iphoneos;
				VALIDATE_PRODUCT = YES;
			};
			name = Release;
		};
		922F6A821A64D8C900A26955 /* Debug */ = {
			isa = XCBuildConfiguration;
			buildSettings = {
				ASSETCATALOG_COMPILER_APPICON_NAME = AppIcon;
				INFOPLIST_FILE = Pitcher/Info.plist;
				LD_RUNPATH_SEARCH_PATHS = "$(inherited) @executable_path/Frameworks";
				PRODUCT_NAME = "$(TARGET_NAME)";
			};
			name = Debug;
		};
		922F6A831A64D8C900A26955 /* Release */ = {
			isa = XCBuildConfiguration;
			buildSettings = {
				ASSETCATALOG_COMPILER_APPICON_NAME = AppIcon;
				INFOPLIST_FILE = Pitcher/Info.plist;
				LD_RUNPATH_SEARCH_PATHS = "$(inherited) @executable_path/Frameworks";
				PRODUCT_NAME = "$(TARGET_NAME)";
			};
			name = Release;
		};
		922F6A851A64D8C900A26955 /* Debug */ = {
			isa = XCBuildConfiguration;
			buildSettings = {
				BUNDLE_LOADER = "$(TEST_HOST)";
				FRAMEWORK_SEARCH_PATHS = (
					"$(SDKROOT)/Developer/Library/Frameworks",
					"$(inherited)",
				);
				GCC_PREPROCESSOR_DEFINITIONS = (
					"DEBUG=1",
					"$(inherited)",
				);
				INFOPLIST_FILE = PitcherTests/Info.plist;
				LD_RUNPATH_SEARCH_PATHS = "$(inherited) @executable_path/Frameworks @loader_path/Frameworks";
				PRODUCT_NAME = "$(TARGET_NAME)";
				TEST_HOST = "$(BUILT_PRODUCTS_DIR)/Pitcher.app/Pitcher";
			};
			name = Debug;
		};
		922F6A861A64D8C900A26955 /* Release */ = {
			isa = XCBuildConfiguration;
			buildSettings = {
				BUNDLE_LOADER = "$(TEST_HOST)";
				FRAMEWORK_SEARCH_PATHS = (
					"$(SDKROOT)/Developer/Library/Frameworks",
					"$(inherited)",
				);
				INFOPLIST_FILE = PitcherTests/Info.plist;
				LD_RUNPATH_SEARCH_PATHS = "$(inherited) @executable_path/Frameworks @loader_path/Frameworks";
				PRODUCT_NAME = "$(TARGET_NAME)";
				TEST_HOST = "$(BUILT_PRODUCTS_DIR)/Pitcher.app/Pitcher";
			};
			name = Release;
		};
/* End XCBuildConfiguration section */

/* Begin XCConfigurationList section */
		922F6A5D1A64D8C900A26955 /* Build configuration list for PBXProject "Pitcher" */ = {
			isa = XCConfigurationList;
			buildConfigurations = (
				922F6A7F1A64D8C900A26955 /* Debug */,
				922F6A801A64D8C900A26955 /* Release */,
			);
			defaultConfigurationIsVisible = 0;
			defaultConfigurationName = Release;
		};
		922F6A811A64D8C900A26955 /* Build configuration list for PBXNativeTarget "Pitcher" */ = {
			isa = XCConfigurationList;
			buildConfigurations = (
				922F6A821A64D8C900A26955 /* Debug */,
				922F6A831A64D8C900A26955 /* Release */,
			);
			defaultConfigurationIsVisible = 0;
			defaultConfigurationName = Release;
		};
		922F6A841A64D8C900A26955 /* Build configuration list for PBXNativeTarget "PitcherTests" */ = {
			isa = XCConfigurationList;
			buildConfigurations = (
				922F6A851A64D8C900A26955 /* Debug */,
				922F6A861A64D8C900A26955 /* Release */,
			);
			defaultConfigurationIsVisible = 0;
			defaultConfigurationName = Release;
		};
/* End XCConfigurationList section */
	};
	rootObject = 922F6A5A1A64D8C900A26955 /* Project object */;
}
